{
    "name": "000_WorkerBase",
    "version": "1.0.0",
    "lockfileVersion": 1,
    "requires": true,
    "dependencies": {
        "@types/node": {
            "version": "17.0.23",
            "resolved": "https://registry.npmjs.org/@types/node/-/node-17.0.23.tgz",
            "integrity": "sha512-UxDxWn7dl97rKVeVS61vErvw086aCYhDLyvRQZ5Rk65rZKepaFdm53GeqXaKBuOhED4e9uWq34IC3TdSdJJ2Gw==",
            "dev": true
        },
        "@types/offscreencanvas": {
            "version": "2019.6.4",
            "resolved": "https://registry.npmjs.org/@types/offscreencanvas/-/offscreencanvas-2019.6.4.tgz",
            "integrity": "sha512-u8SAgdZ8ROtkTF+mfZGOscl0or6BSj9A4g37e6nvxDc+YB/oDut0wHkK2PBBiC2bNR8TS0CPV+1gAk4fNisr1Q==",
            "dev": true
        },
        "typescript": {
            "version": "4.6.3",
            "resolved": "https://registry.npmjs.org/typescript/-/typescript-4.6.3.tgz",
            "integrity": "sha512-yNIatDa5iaofVozS/uQJEl3JRWLKKGJKh6Yaiv0GLGSuhpFJe7P3SbHZ8/yjAHRQwKRoA6YZqlfjXWmVzoVSMw==",
            "dev": true
        }
    }
}
